{
  "name": "cms_project_sh9_my",
  "version": "1.0.0",
  "lockfileVersion": 1,
  "dependencies": {
    "decompress-response": {
      "version": "https://registry.npm.taobao.org/decompress-response/download/decompress-response-3.3.0.tgz",
      "integrity": "sha1-gKTdMjdIOEv6JICDYirt7Jgq3/M="
    },
    "duplexer3": {
      "version": "https://registry.npm.taobao.org/duplexer3/download/duplexer3-0.1.4.tgz",
      "integrity": "sha1-7gHdHKwO08vH/b6jfcCo8c4ALOI="
    },
    "get-stream": {
      "version": "https://registry.npm.taobao.org/get-stream/download/get-stream-3.0.0.tgz",
      "integrity": "sha1-jpQ9E1jcN1VQVOy+LtsFqhdO3hQ="
    },
    "got": {
      "version": "https://registry.npm.taobao.org/got/download/got-7.1.0.tgz",
      "integrity": "sha1-BUUP2ECU5rvqVvRRpDqcKJFmOFo=",
      "dependencies": {
        "is-plain-obj": {
          "version": "1.1.0",
          "resolved": "https://registry.npmjs.org/is-plain-obj/-/is-plain-obj-1.1.0.tgz",
          "integrity": "sha1-caUMhCnfync8kqOQpKA7OfzVHT4="
        },
        "safe-buffer": {
          "version": "5.1.1",
          "resolved": "https://registry.npmjs.org/safe-buffer/-/safe-buffer-5.1.1.tgz",
          "integrity": "sha512-kKvNJn6Mm93gAczWVJg7wH+wGYWNrDHdWvpUmHyEsgCtIwwo3bqPtV4tR5tuPaUhTOo/kvhVwd8XwwOllGYkbg=="
        }
      }
    },
    "has-symbol-support-x": {
      "version": "https://registry.npm.taobao.org/has-symbol-support-x/download/has-symbol-support-x-1.4.0.tgz",
      "integrity": "sha1-RC2JsdCsbPX/L3uRbuU5hpuTolY="
    },
    "has-to-string-tag-x": {
      "version": "https://registry.npm.taobao.org/has-to-string-tag-x/download/has-to-string-tag-x-1.4.0.tgz",
      "integrity": "sha1-Sde83oXCQJvjisMn4+EZpFFlfHs="
    },
    "html-webpack-plugin": {
      "version": "2.30.1",
      "resolved": "https://registry.npmjs.org/html-webpack-plugin/-/html-webpack-plugin-2.30.1.tgz",
      "integrity": "sha1-f5xCG36pHsRg9WUn1430hO51N9U=",
      "dependencies": {
        "ansi-regex": {
          "version": "2.1.1",
          "resolved": "https://registry.npmjs.org/ansi-regex/-/ansi-regex-2.1.1.tgz",
          "integrity": "sha1-w7M6te42DYbg5ijwRorn7yfWVN8="
        },
        "big.js": {
          "version": "3.1.3",
          "resolved": "https://registry.npmjs.org/big.js/-/big.js-3.1.3.tgz",
          "integrity": "sha1-TK2iGTZS6zyp7I5VyQFWacmAaXg="
        },
        "bluebird": {
          "version": "3.5.0",
          "resolved": "https://registry.npmjs.org/bluebird/-/bluebird-3.5.0.tgz",
          "integrity": "sha1-eRQg1/VR7qKJdFOop3ZT+WYG1nw="
        },
        "boolbase": {
          "version": "1.0.0",
          "resolved": "https://registry.npmjs.org/boolbase/-/boolbase-1.0.0.tgz",
          "integrity": "sha1-aN/1++YMUes3cl6p4+0xDcwed24="
        },
        "camel-case": {
          "version": "3.0.0",
          "resolved": "https://registry.npmjs.org/camel-case/-/camel-case-3.0.0.tgz",
          "integrity": "sha1-yjw2iKTpzzpM2nd9xNy8cTJJz3M="
        },
        "clean-css": {
          "version": "4.1.7",
          "resolved": "https://registry.npmjs.org/clean-css/-/clean-css-4.1.7.tgz",
          "integrity": "sha1-ua6k+FZ5iJzz6ui0A0nsTr390DI="
        },
        "commander": {
          "version": "2.11.0",
          "resolved": "https://registry.npmjs.org/commander/-/commander-2.11.0.tgz",
          "integrity": "sha512-b0553uYA5YAEGgyYIGYROzKQ7X5RAqedkfjiZxwi0kL1g3bOaBNNZfYkzt/CL0umgD5wc9Jec2FbB98CjkMRvQ=="
        },
        "core-util-is": {
          "version": "1.0.2",
          "resolved": "https://registry.npmjs.org/core-util-is/-/core-util-is-1.0.2.tgz",
          "integrity": "sha1-tf1UIgqivFq1eqtxQMlAdUUDwac="
        },
        "css-select": {
          "version": "1.2.0",
          "resolved": "https://registry.npmjs.org/css-select/-/css-select-1.2.0.tgz",
          "integrity": "sha1-KzoRBTnFNV8c2NMUYj6HCxIeyFg="
        },
        "css-what": {
          "version": "2.1.0",
          "resolved": "https://registry.npmjs.org/css-what/-/css-what-2.1.0.tgz",
          "integrity": "sha1-lGfQMsOM+u+58teVASUwYvh/ob0="
        },
        "dom-converter": {
          "version": "0.1.4",
          "resolved": "https://registry.npmjs.org/dom-converter/-/dom-converter-0.1.4.tgz",
          "integrity": "sha1-pF71cnuJDJv/5tfIduexnLDhfzs=",
          "dependencies": {
            "utila": {
              "version": "0.3.3",
              "resolved": "https://registry.npmjs.org/utila/-/utila-0.3.3.tgz",
              "integrity": "sha1-1+jn1+MJEHCSsF+NloiCTWM6QiY="
            }
          }
        },
        "dom-serializer": {
          "version": "0.1.0",
          "resolved": "https://registry.npmjs.org/dom-serializer/-/dom-serializer-0.1.0.tgz",
          "integrity": "sha1-BzxpdUbOB4DOI75KKOKT5AvDDII=",
          "dependencies": {
            "domelementtype": {
              "version": "1.1.3",
              "resolved": "https://registry.npmjs.org/domelementtype/-/domelementtype-1.1.3.tgz",
              "integrity": "sha1-vSh3PiZCiBrsUVRJJCmcXNgiGFs="
            }
          }
        },
        "domelementtype": {
          "version": "1.3.0",
          "resolved": "https://registry.npmjs.org/domelementtype/-/domelementtype-1.3.0.tgz",
          "integrity": "sha1-sXrtguirWeUt2cGbF1bg/BhyBMI="
        },
        "domhandler": {
          "version": "2.1.0",
          "resolved": "https://registry.npmjs.org/domhandler/-/domhandler-2.1.0.tgz",
          "integrity": "sha1-0mRvXlf2w7qxHPbLBdPArPdBJZQ="
        },
        "domutils": {
          "version": "1.5.1",
          "resolved": "https://registry.npmjs.org/domutils/-/domutils-1.5.1.tgz",
          "integrity": "sha1-3NhIiib1Y9YQeeSMn3t+Mjc2gs8="
        },
        "emojis-list": {
          "version": "2.1.0",
          "resolved": "https://registry.npmjs.org/emojis-list/-/emojis-list-2.1.0.tgz",
          "integrity": "sha1-TapNnbAPmBmIDHn6RXrlsJof04k="
        },
        "entities": {
          "version": "1.1.1",
          "resolved": "https://registry.npmjs.org/entities/-/entities-1.1.1.tgz",
          "integrity": "sha1-blwtClYhtdra7O+AuQ7ftc13cvA="
        },
        "he": {
          "version": "1.1.1",
          "resolved": "https://registry.npmjs.org/he/-/he-1.1.1.tgz",
          "integrity": "sha1-k0EP0hsAlzUVH4howvJx80J+I/0="
        },
        "html-minifier": {
          "version": "3.5.3",
          "resolved": "https://registry.npmjs.org/html-minifier/-/html-minifier-3.5.3.tgz",
          "integrity": "sha512-iKRzQQDuTCsq0Ultbi/mfJJnR0D3AdZKTq966Gsp92xkmAPCV4Xi08qhJ0Dl3ZAWemSgJ7qZK+UsZc0gFqK6wg=="
        },
        "htmlparser2": {
          "version": "3.3.0",
          "resolved": "https://registry.npmjs.org/htmlparser2/-/htmlparser2-3.3.0.tgz",
          "integrity": "sha1-zHDQWln2VC5D8OaFyYLhTJJKnv4=",
          "dependencies": {
            "domutils": {
              "version": "1.1.6",
              "resolved": "https://registry.npmjs.org/domutils/-/domutils-1.1.6.tgz",
              "integrity": "sha1-vdw94Jm5ou+sxRxiPyj0FuzFdIU="
            }
          }
        },
        "inherits": {
          "version": "2.0.3",
          "resolved": "https://registry.npmjs.org/inherits/-/inherits-2.0.3.tgz",
          "integrity": "sha1-Yzwsg+PaQqUC9SRmAiSA9CCCYd4="
        },
        "isarray": {
          "version": "0.0.1",
          "resolved": "https://registry.npmjs.org/isarray/-/isarray-0.0.1.tgz",
          "integrity": "sha1-ihis/Kmo9Bd+Cav8YDiTmwXR7t8="
        },
        "json5": {
          "version": "0.5.1",
          "resolved": "https://registry.npmjs.org/json5/-/json5-0.5.1.tgz",
          "integrity": "sha1-Hq3nrMASA0rYTiOWdn6tn6VJWCE="
        },
        "loader-utils": {
          "version": "0.2.17",
          "resolved": "https://registry.npmjs.org/loader-utils/-/loader-utils-0.2.17.tgz",
          "integrity": "sha1-+G5jdNQyBabmxg6RlvF8Apm/s0g="
        },
        "lodash": {
          "version": "4.17.4",
          "resolved": "https://registry.npmjs.org/lodash/-/lodash-4.17.4.tgz",
          "integrity": "sha1-eCA6TRwyiuHYbcpkYONptX9AVa4="
        },
        "lower-case": {
          "version": "1.1.4",
          "resolved": "https://registry.npmjs.org/lower-case/-/lower-case-1.1.4.tgz",
          "integrity": "sha1-miyr0bno4K6ZOkv31YdcOcQujqw="
        },
        "ncname": {
          "version": "1.0.0",
          "resolved": "https://registry.npmjs.org/ncname/-/ncname-1.0.0.tgz",
          "integrity": "sha1-W1etGLHKCShk72Kwse2BlPODtxw="
        },
        "no-case": {
          "version": "2.3.1",
          "resolved": "https://registry.npmjs.org/no-case/-/no-case-2.3.1.tgz",
          "integrity": "sha1-euuhxzpSGEJlVUt9wDuvcg34AIE="
        },
        "nth-check": {
          "version": "1.0.1",
          "resolved": "https://registry.npmjs.org/nth-check/-/nth-check-1.0.1.tgz",
          "integrity": "sha1-mSms32KPwsQQmN6rgqxYDPFJquQ="
        },
        "object-assign": {
          "version": "4.1.1",
          "resolved": "https://registry.npmjs.org/object-assign/-/object-assign-4.1.1.tgz",
          "integrity": "sha1-IQmtx5ZYh8/AXLvUQsrIv7s2CGM="
        },
        "param-case": {
          "version": "2.1.1",
          "resolved": "https://registry.npmjs.org/param-case/-/param-case-2.1.1.tgz",
          "integrity": "sha1-35T9jPZTHs915r75oIWPvHK+Ikc="
        },
        "pretty-error": {
          "version": "2.1.1",
          "resolved": "https://registry.npmjs.org/pretty-error/-/pretty-error-2.1.1.tgz",
          "integrity": "sha1-X0+HyPkeWuPzuoerTPXgOxoX8aM="
        },
        "readable-stream": {
          "version": "1.0.34",
          "resolved": "https://registry.npmjs.org/readable-stream/-/readable-stream-1.0.34.tgz",
          "integrity": "sha1-Elgg40vIQtLyqq+v5MKRbuMsFXw="
        },
        "relateurl": {
          "version": "0.2.7",
          "resolved": "https://registry.npmjs.org/relateurl/-/relateurl-0.2.7.tgz",
          "integrity": "sha1-VNvzd+UUQKypCkzSdGANP/LYiKk="
        },
        "renderkid": {
          "version": "2.0.1",
          "resolved": "https://registry.npmjs.org/renderkid/-/renderkid-2.0.1.tgz",
          "integrity": "sha1-iYyr/Ivt5Le5ETWj/9Mj5YwNsxk=",
          "dependencies": {
            "utila": {
              "version": "0.3.3",
              "resolved": "https://registry.npmjs.org/utila/-/utila-0.3.3.tgz",
              "integrity": "sha1-1+jn1+MJEHCSsF+NloiCTWM6QiY="
            }
          }
        },
        "source-map": {
          "version": "0.5.7",
          "resolved": "https://registry.npmjs.org/source-map/-/source-map-0.5.7.tgz",
          "integrity": "sha1-igOdLRAh0i0eoUyA2OpGi6LvP8w="
        },
        "string_decoder": {
          "version": "0.10.31",
          "resolved": "https://registry.npmjs.org/string_decoder/-/string_decoder-0.10.31.tgz",
          "integrity": "sha1-YuIDvEF2bGwoyfyEMB2rHFMQ+pQ="
        },
        "strip-ansi": {
          "version": "3.0.1",
          "resolved": "https://registry.npmjs.org/strip-ansi/-/strip-ansi-3.0.1.tgz",
          "integrity": "sha1-ajhfuIU9lS1f8F0Oiq+UJ43GPc8="
        },
        "toposort": {
          "version": "1.0.3",
          "resolved": "https://registry.npmjs.org/toposort/-/toposort-1.0.3.tgz",
          "integrity": "sha1-8CzYp0vYvi/A6YYRw7rLlaFxhpw="
        },
        "uglify-js": {
          "version": "3.0.28",
          "resolved": "https://registry.npmjs.org/uglify-js/-/uglify-js-3.0.28.tgz",
          "integrity": "sha512-0h/qGay016GG2lVav3Kz174F3T2Vjlz2v6HCt+WDQpoXfco0hWwF5gHK9yh88mUYvIC+N7Z8NT8WpjSp1yoqGA=="
        },
        "upper-case": {
          "version": "1.1.3",
          "resolved": "https://registry.npmjs.org/upper-case/-/upper-case-1.1.3.tgz",
          "integrity": "sha1-9rRQHC7EzdJrp4vnIilh3ndiFZg="
        },
        "utila": {
          "version": "0.4.0",
          "resolved": "https://registry.npmjs.org/utila/-/utila-0.4.0.tgz",
          "integrity": "sha1-ihagXURWV6Oupe7MWxKk+lN5dyw="
        },
        "xml-char-classes": {
          "version": "1.0.0",
          "resolved": "https://registry.npmjs.org/xml-char-classes/-/xml-char-classes-1.0.0.tgz",
          "integrity": "sha1-ZGV4SKIP/F31g6Qq2KJ3tFErvE0="
        }
      }
    },
    "is-object": {
      "version": "https://registry.npm.taobao.org/is-object/download/is-object-1.0.1.tgz",
      "integrity": "sha1-iVJojF7C/9awPsyF52ngKQMINHA="
    },
    "is-retry-allowed": {
      "version": "https://registry.npm.taobao.org/is-retry-allowed/download/is-retry-allowed-1.1.0.tgz",
      "integrity": "sha1-EaBgVotnM5REAz0BJaYaINVk+zQ="
    },
    "is-stream": {
      "version": "https://registry.npmjs.org/is-stream/-/is-stream-1.1.0.tgz",
      "integrity": "sha1-EtSj3U5o4Lec6428hBc66A2RykQ="
    },
    "isurl": {
      "version": "https://registry.npm.taobao.org/isurl/download/isurl-1.0.0.tgz",
      "integrity": "sha1-sn9PSfPNqj6kSgpbfzRi5u3DnWc="
    },
    "lowercase-keys": {
      "version": "https://registry.npmjs.org/lowercase-keys/-/lowercase-keys-1.0.0.tgz",
      "integrity": "sha1-TjNms55/VFfjXxMkvfb4jQv8cwY="
    },
    "mimic-response": {
      "version": "https://registry.npm.taobao.org/mimic-response/download/mimic-response-1.0.0.tgz",
      "integrity": "sha1-3z02Uqc/3ta5sLJBRub9BSNTRY4="
    },
    "moment": {
      "version": "2.18.1",
      "resolved": "https://registry.npmjs.org/moment/-/moment-2.18.1.tgz",
      "integrity": "sha1-w2GT3Tzhwu7SrbfIAtu8d6gbHA8="
    },
    "p-cancelable": {
      "version": "https://registry.npm.taobao.org/p-cancelable/download/p-cancelable-0.3.0.tgz",
      "integrity": "sha1-ueEjgAvOu3rBOkeb4ZW1B7mNMPo="
    },
    "p-finally": {
      "version": "https://registry.npm.taobao.org/p-finally/download/p-finally-1.0.0.tgz",
      "integrity": "sha1-P7z7FbiZpEEjs0ttzBi3JDNqLK4="
    },
    "p-timeout": {
      "version": "https://registry.npm.taobao.org/p-timeout/download/p-timeout-1.2.0.tgz",
      "integrity": "sha1-mCD5lDTFgXhotPNICe5SkWYNW2w="
    },
    "photoswipe": {
      "version": "4.1.2",
      "resolved": "https://registry.npmjs.org/photoswipe/-/photoswipe-4.1.2.tgz",
      "integrity": "sha1-lcIKdc6iO3DWKZZBytguA8rn95c="
    },
    "timed-out": {
      "version": "https://registry.npm.taobao.org/timed-out/download/timed-out-4.0.1.tgz",
      "integrity": "sha1-8y6srFoXW+ol1/q1Zas+2HQe9W8="
    },
    "url-parse-lax": {
      "version": "https://registry.npm.taobao.org/url-parse-lax/download/url-parse-lax-1.0.0.tgz",
      "integrity": "sha1-evjzA2Rem9eaJy56FKxovAYJ2nM=",
      "dependencies": {
        "prepend-http": {
          "version": "1.0.4",
          "resolved": "https://registry.npmjs.org/prepend-http/-/prepend-http-1.0.4.tgz",
          "integrity": "sha1-1PRWKwzjaW5BrFLQ4ALlemNdxtw="
        }
      }
    },
    "url-to-options": {
      "version": "https://registry.npm.taobao.org/url-to-options/download/url-to-options-1.0.1.tgz",
      "integrity": "sha1-FQWgOiiaSMvXpDTvuu7FBV9WM6k="
    },
    "vue-i18n": {
      "version": "https://registry.npmjs.org/vue-i18n/-/vue-i18n-7.1.1.tgz",
      "integrity": "sha1-w3JZyQiL+CEUSzkxRtNCaG6VVOo="
    },
    "vue-preview": {
      "version": "1.0.5",
      "resolved": "https://registry.npmjs.org/vue-preview/-/vue-preview-1.0.5.tgz",
      "integrity": "sha1-1QPQtaCx9NwxwKuZahDTw+KyDUQ="
    },
    "vue-resource": {
      "version": "https://registry.npm.taobao.org/vue-resource/download/vue-resource-1.3.4.tgz",
      "integrity": "sha1-n8C99qL1yrQwEp/JnTR7PernsJk="
    }
  }
}
